
Microsoft Visual Studio Solution File, Format Version 12.00
# Visual Studio Version 17
VisualStudioVersion = 17.6.33829.357
MinimumVisualStudioVersion = 10.0.40219.1
Project("{8BC9CEB8-8B4A-11D0-8D11-00A0C91BC942}") = "Testing2", "Testing2\Testing2.vcxproj", "{87514E0B-3AF2-43EC-8014-6FD8F964C143}"
EndProject
Global
	GlobalSection(SolutionConfigurationPlatforms) = preSolution
		Debug|x64 = Debug|x64
		Debug|x86 = Debug|x86
		Release|x64 = Release|x64
		Release|x86 = Release|x86
	EndGlobalSection
	GlobalSection(ProjectConfigurationPlatforms) = postSolution
		{87514E0B-3AF2-43EC-8014-6FD8F964C143}.Debug|x64.ActiveCfg = Debug|x64
		{87514E0B-3AF2-43EC-8014-6FD8F964C143}.Debug|x64.Build.0 = Debug|x64
		{87514E0B-3AF2-43EC-8014-6FD8F964C143}.Debug|x86.ActiveCfg = Debug|Win32
		{87514E0B-3AF2-43EC-8014-6FD8F964C143}.Debug|x86.Build.0 = Debug|Win32
		{87514E0B-3AF2-43EC-8014-6FD8F964C143}.Release|x64.ActiveCfg = Release|x64
		{87514E0B-3AF2-43EC-8014-6FD8F964C143}.Release|x64.Build.0 = Release|x64
		{87514E0B-3AF2-43EC-8014-6FD8F964C143}.Release|x86.ActiveCfg = Release|Win32
		{87514E0B-3AF2-43EC-8014-6FD8F964C143}.Release|x86.Build.0 = Release|Win32
	EndGlobalSection
	GlobalSection(SolutionProperties) = preSolution
		HideSolutionNode = FALSE
	EndGlobalSection
	GlobalSection(ExtensibilityGlobals) = postSolution
		SolutionGuid = {7151EDE0-05E0-4304-88B6-43FBA0E9BE4D}
	EndGlobalSection
EndGlobal
